
Microsoft Visual Studio Solution File, Format Version 12.00
# Visual Studio Version 16
VisualStudioVersion = 16.0.31129.286
MinimumVisualStudioVersion = 10.0.40219.1
Project("{FAE04EC0-301F-11D3-BF4B-00C04F79EFBC}") = "NoteApp.View", "NoteApp.View\NoteApp.View.csproj", "{D283C4D6-5EE9-4B11-9D8F-788BE30DF56D}"
EndProject
Project("{FAE04EC0-301F-11D3-BF4B-00C04F79EFBC}") = "NoteApp.Model", "NoteApp.Model\NoteApp.Model.csproj", "{5F01BB7C-DC8B-43C2-AAA0-16AD7C9026FC}"
EndProject
Global
	GlobalSection(SolutionConfigurationPlatforms) = preSolution
		Debug|Any CPU = Debug|Any CPU
		Release|Any CPU = Release|Any CPU
	EndGlobalSection
	GlobalSection(ProjectConfigurationPlatforms) = postSolution
		{D283C4D6-5EE9-4B11-9D8F-788BE30DF56D}.Debug|Any CPU.ActiveCfg = Debug|Any CPU
		{D283C4D6-5EE9-4B11-9D8F-788BE30DF56D}.Debug|Any CPU.Build.0 = Debug|Any CPU
		{D283C4D6-5EE9-4B11-9D8F-788BE30DF56D}.Release|Any CPU.ActiveCfg = Release|Any CPU
		{D283C4D6-5EE9-4B11-9D8F-788BE30DF56D}.Release|Any CPU.Build.0 = Release|Any CPU
		{5F01BB7C-DC8B-43C2-AAA0-16AD7C9026FC}.Debug|Any CPU.ActiveCfg = Debug|Any CPU
		{5F01BB7C-DC8B-43C2-AAA0-16AD7C9026FC}.Debug|Any CPU.Build.0 = Debug|Any CPU
		{5F01BB7C-DC8B-43C2-AAA0-16AD7C9026FC}.Release|Any CPU.ActiveCfg = Release|Any CPU
		{5F01BB7C-DC8B-43C2-AAA0-16AD7C9026FC}.Release|Any CPU.Build.0 = Release|Any CPU
	EndGlobalSection
	GlobalSection(SolutionProperties) = preSolution
		HideSolutionNode = FALSE
	EndGlobalSection
	GlobalSection(ExtensibilityGlobals) = postSolution
		SolutionGuid = {61D33D22-7F58-41B4-B39E-5FA70D948F0E}
	EndGlobalSection
EndGlobal
